
Microsoft Visual Studio Solution File, Format Version 12.00
# Visual Studio Version 17
VisualStudioVersion = 17.8.34330.188
MinimumVisualStudioVersion = 10.0.40219.1
Project("{FAE04EC0-301F-11D3-BF4B-00C04F79EFBC}") = "AppSharedMemory2", "AppSharedMemory2\AppSharedMemory2.csproj", "{D2C2BD50-9DEE-4EDF-82DC-14C9802AAA75}"
	ProjectSection(ProjectDependencies) = postProject
		{035B7259-0481-430D-AEEB-95CCBB4A3BE9} = {035B7259-0481-430D-AEEB-95CCBB4A3BE9}
	EndProjectSection
EndProject
Project("{FAE04EC0-301F-11D3-BF4B-00C04F79EFBC}") = "MetierSharedMemory", "MetierSharedMemory\MetierSharedMemory.csproj", "{035B7259-0481-430D-AEEB-95CCBB4A3BE9}"
EndProject
Global
	GlobalSection(SolutionConfigurationPlatforms) = preSolution
		Debug|Any CPU = Debug|Any CPU
		Release|Any CPU = Release|Any CPU
	EndGlobalSection
	GlobalSection(ProjectConfigurationPlatforms) = postSolution
		{D2C2BD50-9DEE-4EDF-82DC-14C9802AAA75}.Debug|Any CPU.ActiveCfg = Debug|Any CPU
		{D2C2BD50-9DEE-4EDF-82DC-14C9802AAA75}.Debug|Any CPU.Build.0 = Debug|Any CPU
		{D2C2BD50-9DEE-4EDF-82DC-14C9802AAA75}.Release|Any CPU.ActiveCfg = Release|Any CPU
		{D2C2BD50-9DEE-4EDF-82DC-14C9802AAA75}.Release|Any CPU.Build.0 = Release|Any CPU
		{035B7259-0481-430D-AEEB-95CCBB4A3BE9}.Debug|Any CPU.ActiveCfg = Debug|Any CPU
		{035B7259-0481-430D-AEEB-95CCBB4A3BE9}.Debug|Any CPU.Build.0 = Debug|Any CPU
		{035B7259-0481-430D-AEEB-95CCBB4A3BE9}.Release|Any CPU.ActiveCfg = Release|Any CPU
		{035B7259-0481-430D-AEEB-95CCBB4A3BE9}.Release|Any CPU.Build.0 = Release|Any CPU
	EndGlobalSection
	GlobalSection(SolutionProperties) = preSolution
		HideSolutionNode = FALSE
	EndGlobalSection
	GlobalSection(ExtensibilityGlobals) = postSolution
		SolutionGuid = {059EA2C9-B63C-47DF-8DF0-083032DFE78B}
	EndGlobalSection
EndGlobal
